// !$*UTF8*$!
{
	archiveVersion = 1;
	classes = {
	};
	objectVersion = 56;
	objects = {

/* Begin PBXBuildFile section */
		AA000001 /* SigilApp.swift in Sources */ = {isa = PBXBuildFile; fileRef = AB000001 /* SigilApp.swift */; };
		AA000002 /* SigilClient.swift in Sources */ = {isa = PBXBuildFile; fileRef = AB000002 /* SigilClient.swift */; };
		AA000003 /* KeychainHelper.swift in Sources */ = {isa = PBXBuildFile; fileRef = AB000003 /* KeychainHelper.swift */; };
		AA000004 /* AppViewModel.swift in Sources */ = {isa = PBXBuildFile; fileRef = AB000004 /* AppViewModel.swift */; };
		AA000005 /* SessionsViewModel.swift in Sources */ = {isa = PBXBuildFile; fileRef = AB000005 /* SessionsViewModel.swift */; };
		AA000006 /* ChannelViewModel.swift in Sources */ = {isa = PBXBuildFile; fileRef = AB000006 /* ChannelViewModel.swift */; };
		AA000007 /* ContentView.swift in Sources */ = {isa = PBXBuildFile; fileRef = AB000007 /* ContentView.swift */; };
		AA000008 /* MainView.swift in Sources */ = {isa = PBXBuildFile; fileRef = AB000008 /* MainView.swift */; };
		AA000009 /* SidebarView.swift in Sources */ = {isa = PBXBuildFile; fileRef = AB000009 /* SidebarView.swift */; };
		AA000010 /* TileGridView.swift in Sources */ = {isa = PBXBuildFile; fileRef = AB000010 /* TileGridView.swift */; };
		AA000011 /* TerminalTileView.swift in Sources */ = {isa = PBXBuildFile; fileRef = AB000011 /* TerminalTileView.swift */; };
		AA000012 /* SigilTerminalView.swift in Sources */ = {isa = PBXBuildFile; fileRef = AB000012 /* SigilTerminalView.swift */; };
		AA000013 /* SetupView.swift in Sources */ = {isa = PBXBuildFile; fileRef = AB000013 /* SetupView.swift */; };
		AA000014 /* CommandPaletteView.swift in Sources */ = {isa = PBXBuildFile; fileRef = AB000014 /* CommandPaletteView.swift */; };
		AA000020 /* SwiftTerm in Frameworks */ = {isa = PBXBuildFile; productRef = AC000020 /* SwiftTerm */; };
/* End PBXBuildFile section */

/* Begin PBXFileReference section */
		AB000001 /* SigilApp.swift */ = {isa = PBXFileReference; lastKnownFileType = sourcecode.swift; path = SigilApp.swift; sourceTree = "<group>"; };
		AB000002 /* SigilClient.swift */ = {isa = PBXFileReference; lastKnownFileType = sourcecode.swift; path = SigilClient.swift; sourceTree = "<group>"; };
		AB000003 /* KeychainHelper.swift */ = {isa = PBXFileReference; lastKnownFileType = sourcecode.swift; path = KeychainHelper.swift; sourceTree = "<group>"; };
		AB000004 /* AppViewModel.swift */ = {isa = PBXFileReference; lastKnownFileType = sourcecode.swift; path = AppViewModel.swift; sourceTree = "<group>"; };
		AB000005 /* SessionsViewModel.swift */ = {isa = PBXFileReference; lastKnownFileType = sourcecode.swift; path = SessionsViewModel.swift; sourceTree = "<group>"; };
		AB000006 /* ChannelViewModel.swift */ = {isa = PBXFileReference; lastKnownFileType = sourcecode.swift; path = ChannelViewModel.swift; sourceTree = "<group>"; };
		AB000007 /* ContentView.swift */ = {isa = PBXFileReference; lastKnownFileType = sourcecode.swift; path = ContentView.swift; sourceTree = "<group>"; };
		AB000008 /* MainView.swift */ = {isa = PBXFileReference; lastKnownFileType = sourcecode.swift; path = MainView.swift; sourceTree = "<group>"; };
		AB000009 /* SidebarView.swift */ = {isa = PBXFileReference; lastKnownFileType = sourcecode.swift; path = SidebarView.swift; sourceTree = "<group>"; };
		AB000010 /* TileGridView.swift */ = {isa = PBXFileReference; lastKnownFileType = sourcecode.swift; path = TileGridView.swift; sourceTree = "<group>"; };
		AB000011 /* TerminalTileView.swift */ = {isa = PBXFileReference; lastKnownFileType = sourcecode.swift; path = TerminalTileView.swift; sourceTree = "<group>"; };
		AB000012 /* SigilTerminalView.swift */ = {isa = PBXFileReference; lastKnownFileType = sourcecode.swift; path = SigilTerminalView.swift; sourceTree = "<group>"; };
		AB000013 /* SetupView.swift */ = {isa = PBXFileReference; lastKnownFileType = sourcecode.swift; path = SetupView.swift; sourceTree = "<group>"; };
		AB000014 /* CommandPaletteView.swift */ = {isa = PBXFileReference; lastKnownFileType = sourcecode.swift; path = CommandPaletteView.swift; sourceTree = "<group>"; };
		AE000001 /* Sigil.app */ = {isa = PBXFileReference; explicitFileType = wrapper.application; includeInIndex = 0; path = Sigil.app; sourceTree = BUILT_PRODUCTS_DIR; };
/* End PBXFileReference section */

/* Begin PBXFrameworksBuildPhase section */
		AF000001 /* Frameworks */ = {
			isa = PBXFrameworksBuildPhase;
			buildActionMask = 2147483647;
			files = (
				AA000020 /* SwiftTerm in Frameworks */,
			);
			runOnlyForDeploymentPostprocessing = 0;
		};
/* End PBXFrameworksBuildPhase section */

/* Begin PBXGroup section */
		AG000000 /* Root */ = {
			isa = PBXGroup;
			children = (
				AG000001 /* Shared */,
				AG000005 /* macOS */,
				AG000006 /* iPadOS */,
				AG000007 /* Products */,
				AG000008 /* Frameworks */,
			);
			sourceTree = "<group>";
		};
		AG000001 /* Shared */ = {
			isa = PBXGroup;
			children = (
				AB000001 /* SigilApp.swift */,
				AG000002 /* SDK */,
				AG000003 /* ViewModels */,
				AG000004 /* Views */,
			);
			name = Shared;
			path = Shared;
			sourceTree = "<group>";
		};
		AG000002 /* SDK */ = {
			isa = PBXGroup;
			children = (
				AB000002 /* SigilClient.swift */,
				AB000003 /* KeychainHelper.swift */,
			);
			name = SDK;
			path = SDK;
			sourceTree = "<group>";
		};
		AG000003 /* ViewModels */ = {
			isa = PBXGroup;
			children = (
				AB000004 /* AppViewModel.swift */,
				AB000005 /* SessionsViewModel.swift */,
				AB000006 /* ChannelViewModel.swift */,
			);
			name = ViewModels;
			path = ViewModels;
			sourceTree = "<group>";
		};
		AG000004 /* Views */ = {
			isa = PBXGroup;
			children = (
				AB000007 /* ContentView.swift */,
				AB000008 /* MainView.swift */,
				AB000009 /* SidebarView.swift */,
				AB000010 /* TileGridView.swift */,
				AB000011 /* TerminalTileView.swift */,
				AB000012 /* SigilTerminalView.swift */,
				AB000013 /* SetupView.swift */,
				AB000014 /* CommandPaletteView.swift */,
			);
			name = Views;
			path = Views;
			sourceTree = "<group>";
		};
		AG000005 /* macOS */ = {
			isa = PBXGroup;
			children = (
			);
			name = macOS;
			path = macOS;
			sourceTree = "<group>";
		};
		AG000006 /* iPadOS */ = {
			isa = PBXGroup;
			children = (
			);
			name = iPadOS;
			path = iPadOS;
			sourceTree = "<group>";
		};
		AG000007 /* Products */ = {
			isa = PBXGroup;
			children = (
				AE000001 /* Sigil.app */,
			);
			name = Products;
			sourceTree = "<group>";
		};
		AG000008 /* Frameworks */ = {
			isa = PBXGroup;
			children = (
			);
			name = Frameworks;
			sourceTree = "<group>";
		};
/* End PBXGroup section */

/* Begin PBXNativeTarget section */
		AT000001 /* Sigil */ = {
			isa = PBXNativeTarget;
			buildConfigurationList = AX000002 /* Build configuration list for PBXNativeTarget "Sigil" */;
			buildPhases = (
				AF000001 /* Frameworks */,
				AH000001 /* Sources */,
				AI000001 /* Resources */,
			);
			buildRules = (
			);
			dependencies = (
			);
			name = Sigil;
			packageProductDependencies = (
				AC000020 /* SwiftTerm */,
			);
			productName = Sigil;
			productReference = AE000001 /* Sigil.app */;
			productType = "com.apple.product-type.application";
		};
/* End PBXNativeTarget section */

/* Begin PBXProject section */
		AP000001 /* Project object */ = {
			isa = PBXProject;
			attributes = {
				BuildIndependentTargetsInParallel = 1;
				LastSwiftUpdateCheck = 1500;
				LastUpgradeCheck = 1500;
				TargetAttributes = {
					AT000001 = {
						CreatedOnToolsVersion = 15.0;
					};
				};
			};
			buildConfigurationList = AX000001 /* Build configuration list for PBXProject "Sigil" */;
			compatibilityVersion = "Xcode 14.0";
			developmentRegion = en;
			hasScannedForEncodings = 0;
			knownRegions = (
				en,
				Base,
			);
			mainGroup = AG000000 /* Root */;
			packageReferences = (
				AQ000001 /* XCRemoteSwiftPackageReference "SwiftTerm" */,
			);
			productRefGroup = AG000007 /* Products */;
			projectDirPath = "";
			projectRoot = "";
			targets = (
				AT000001 /* Sigil */,
			);
		};
/* End PBXProject section */

/* Begin PBXResourcesBuildPhase section */
		AI000001 /* Resources */ = {
			isa = PBXResourcesBuildPhase;
			buildActionMask = 2147483647;
			files = (
			);
			runOnlyForDeploymentPostprocessing = 0;
		};
/* End PBXResourcesBuildPhase section */

/* Begin PBXSourcesBuildPhase section */
		AH000001 /* Sources */ = {
			isa = PBXSourcesBuildPhase;
			buildActionMask = 2147483647;
			files = (
				AA000001 /* SigilApp.swift in Sources */,
				AA000002 /* SigilClient.swift in Sources */,
				AA000003 /* KeychainHelper.swift in Sources */,
				AA000004 /* AppViewModel.swift in Sources */,
				AA000005 /* SessionsViewModel.swift in Sources */,
				AA000006 /* ChannelViewModel.swift in Sources */,
				AA000007 /* ContentView.swift in Sources */,
				AA000008 /* MainView.swift in Sources */,
				AA000009 /* SidebarView.swift in Sources */,
				AA000010 /* TileGridView.swift in Sources */,
				AA000011 /* TerminalTileView.swift in Sources */,
				AA000012 /* SigilTerminalView.swift in Sources */,
				AA000013 /* SetupView.swift in Sources */,
				AA000014 /* CommandPaletteView.swift in Sources */,
			);
			runOnlyForDeploymentPostprocessing = 0;
		};
/* End PBXSourcesBuildPhase section */

/* Begin XCBuildConfiguration section */
		AX000010 /* Debug (Project) */ = {
			isa = XCBuildConfiguration;
			buildSettings = {
				ALWAYS_SEARCH_USER_PATHS = NO;
				CLANG_ANALYZER_NONNULL = YES;
				CLANG_ANALYZER_NUMBER_OBJECT_CONVERSION = YES_AGGRESSIVE;
				CLANG_CXX_LANGUAGE_STANDARD = "gnu++20";
				CLANG_ENABLE_MODULES = YES;
				CLANG_ENABLE_OBJC_ARC = YES;
				CLANG_ENABLE_OBJC_WEAK = YES;
				CLANG_WARN_BLOCK_CAPTURE_AUTORELEASING = YES;
				CLANG_WARN_BOOL_CONVERSION = YES;
				CLANG_WARN_COMMA = YES;
				CLANG_WARN_CONSTANT_CONVERSION = YES;
				CLANG_WARN_DEPRECATED_OBJC_IMPLEMENTATIONS = YES;
				CLANG_WARN_DIRECT_OBJC_ISA_USAGE = YES_ERROR;
				CLANG_WARN_DOCUMENTATION_COMMENTS = YES;
				CLANG_WARN_EMPTY_BODY = YES;
				CLANG_WARN_ENUM_CONVERSION = YES;
				CLANG_WARN_INFINITE_RECURSION = YES;
				CLANG_WARN_INT_CONVERSION = YES;
				CLANG_WARN_NON_LITERAL_NULL_CONVERSION = YES;
				CLANG_WARN_OBJC_IMPLICIT_RETAIN_CYCLE = YES;
				CLANG_WARN_OBJC_LITERAL_CONVERSION = YES;
				CLANG_WARN_OBJC_ROOT_CLASS = YES_ERROR;
				CLANG_WARN_QUOTED_INCLUDE_IN_FRAMEWORK_HEADER = YES;
				CLANG_WARN_RANGE_LOOP_ANALYSIS = YES;
				CLANG_WARN_STRICT_PROTOTYPES = YES;
				CLANG_WARN_SUSPICIOUS_MOVE = YES;
				CLANG_WARN_UNGUARDED_AVAILABILITY = YES_AGGRESSIVE;
				CLANG_WARN_UNREACHABLE_CODE = YES;
				CLANG_WARN__DUPLICATE_METHOD_MATCH = YES;
				COPY_PHASE_STRIP = NO;
				DEBUG_INFORMATION_FORMAT = dwarf;
				ENABLE_STRICT_OBJC_MSGSEND = YES;
				ENABLE_TESTABILITY = YES;
				GCC_C_LANGUAGE_STANDARD = gnu17;
				GCC_DYNAMIC_NO_PIC = NO;
				GCC_NO_COMMON_BLOCKS = YES;
				GCC_OPTIMIZATION_LEVEL = 0;
				GCC_PREPROCESSOR_DEFINITIONS = (
					"DEBUG=1",
					"$(inherited)",
				);
				GCC_WARN_64_TO_32_BIT_CONVERSION = YES;
				GCC_WARN_ABOUT_RETURN_TYPE = YES_ERROR;
				GCC_WARN_UNDECLARED_SELECTOR = YES;
				GCC_WARN_UNINITIALIZED_AUTOS = YES_AGGRESSIVE;
				GCC_WARN_UNUSED_FUNCTION = YES;
				GCC_WARN_UNUSED_VARIABLE = YES;
				MTL_ENABLE_DEBUG_INFO = INCLUDE_SOURCE;
				MTL_FAST_MATH = YES;
				ONLY_ACTIVE_ARCH = YES;
				SWIFT_ACTIVE_COMPILATION_CONDITIONS = DEBUG;
				SWIFT_OPTIMIZATION_LEVEL = "-Onone";
				SWIFT_VERSION = 5.0;
			};
			name = Debug;
		};
		AX000011 /* Release (Project) */ = {
			isa = XCBuildConfiguration;
			buildSettings = {
				ALWAYS_SEARCH_USER_PATHS = NO;
				CLANG_ANALYZER_NONNULL = YES;
				CLANG_ANALYZER_NUMBER_OBJECT_CONVERSION = YES_AGGRESSIVE;
				CLANG_CXX_LANGUAGE_STANDARD = "gnu++20";
				CLANG_ENABLE_MODULES = YES;
				CLANG_ENABLE_OBJC_ARC = YES;
				CLANG_ENABLE_OBJC_WEAK = YES;
				CLANG_WARN_BLOCK_CAPTURE_AUTORELEASING = YES;
				CLANG_WARN_BOOL_CONVERSION = YES;
				CLANG_WARN_COMMA = YES;
				CLANG_WARN_CONSTANT_CONVERSION = YES;
				CLANG_WARN_DEPRECATED_OBJC_IMPLEMENTATIONS = YES;
				CLANG_WARN_DIRECT_OBJC_ISA_USAGE = YES_ERROR;
				CLANG_WARN_DOCUMENTATION_COMMENTS = YES;
				CLANG_WARN_EMPTY_BODY = YES;
				CLANG_WARN_ENUM_CONVERSION = YES;
				CLANG_WARN_INFINITE_RECURSION = YES;
				CLANG_WARN_INT_CONVERSION = YES;
				CLANG_WARN_NON_LITERAL_NULL_CONVERSION = YES;
				CLANG_WARN_OBJC_IMPLICIT_RETAIN_CYCLE = YES;
				CLANG_WARN_OBJC_LITERAL_CONVERSION = YES;
				CLANG_WARN_OBJC_ROOT_CLASS = YES_ERROR;
				CLANG_WARN_QUOTED_INCLUDE_IN_FRAMEWORK_HEADER = YES;
				CLANG_WARN_RANGE_LOOP_ANALYSIS = YES;
				CLANG_WARN_STRICT_PROTOTYPES = YES;
				CLANG_WARN_SUSPICIOUS_MOVE = YES;
				CLANG_WARN_UNGUARDED_AVAILABILITY = YES_AGGRESSIVE;
				CLANG_WARN_UNREACHABLE_CODE = YES;
				CLANG_WARN__DUPLICATE_METHOD_MATCH = YES;
				COPY_PHASE_STRIP = NO;
				DEBUG_INFORMATION_FORMAT = "dwarf-with-dsym";
				ENABLE_NS_ASSERTIONS = NO;
				ENABLE_STRICT_OBJC_MSGSEND = YES;
				GCC_C_LANGUAGE_STANDARD = gnu17;
				GCC_NO_COMMON_BLOCKS = YES;
				GCC_WARN_64_TO_32_BIT_CONVERSION = YES;
				GCC_WARN_ABOUT_RETURN_TYPE = YES_ERROR;
				GCC_WARN_UNDECLARED_SELECTOR = YES;
				GCC_WARN_UNINITIALIZED_AUTOS = YES_AGGRESSIVE;
				GCC_WARN_UNUSED_FUNCTION = YES;
				GCC_WARN_UNUSED_VARIABLE = YES;
				MTL_ENABLE_DEBUG_INFO = NO;
				MTL_FAST_MATH = YES;
				SWIFT_COMPILATION_MODE = wholemodule;
				SWIFT_OPTIMIZATION_LEVEL = "-O";
				SWIFT_VERSION = 5.0;
			};
			name = Release;
		};
		AX000020 /* Debug (Target) */ = {
			isa = XCBuildConfiguration;
			buildSettings = {
				ASSETCATALOG_COMPILER_APPICON_NAME = AppIcon;
				ASSETCATALOG_COMPILER_GLOBAL_ACCENT_COLOR_NAME = AccentColor;
				CODE_SIGN_STYLE = Automatic;
				CURRENT_PROJECT_VERSION = 1;
				DEVELOPMENT_TEAM = "";
				GENERATE_INFOPLIST_FILE = YES;
				INFOPLIST_KEY_NSHumanReadableCopyright = "";
				IPHONEOS_DEPLOYMENT_TARGET = 17.0;
				MACOSX_DEPLOYMENT_TARGET = 14.0;
				MARKETING_VERSION = 1.0;
				PRODUCT_BUNDLE_IDENTIFIER = dev.sigil.app;
				PRODUCT_NAME = "$(TARGET_NAME)";
				SDKROOT = auto;
				SUPPORTED_PLATFORMS = "macosx iphonesimulator iphoneos";
				SUPPORTS_MAC_DESIGNED_FOR_IPHONE_IPAD = NO;
				SUPPORTS_MACCATALYST = NO;
				SWIFT_EMIT_LOC_STRINGS = YES;
				SWIFT_VERSION = 5.0;
				TARGETED_DEVICE_FAMILY = "1,2";
				WATCHOS_DEPLOYMENT_TARGET = 10.0;
			};
			name = Debug;
		};
		AX000021 /* Release (Target) */ = {
			isa = XCBuildConfiguration;
			buildSettings = {
				ASSETCATALOG_COMPILER_APPICON_NAME = AppIcon;
				ASSETCATALOG_COMPILER_GLOBAL_ACCENT_COLOR_NAME = AccentColor;
				CODE_SIGN_STYLE = Automatic;
				CURRENT_PROJECT_VERSION = 1;
				DEVELOPMENT_TEAM = "";
				GENERATE_INFOPLIST_FILE = YES;
				INFOPLIST_KEY_NSHumanReadableCopyright = "";
				IPHONEOS_DEPLOYMENT_TARGET = 17.0;
				MACOSX_DEPLOYMENT_TARGET = 14.0;
				MARKETING_VERSION = 1.0;
				PRODUCT_BUNDLE_IDENTIFIER = dev.sigil.app;
				PRODUCT_NAME = "$(TARGET_NAME)";
				SDKROOT = auto;
				SUPPORTED_PLATFORMS = "macosx iphonesimulator iphoneos";
				SUPPORTS_MAC_DESIGNED_FOR_IPHONE_IPAD = NO;
				SUPPORTS_MACCATALYST = NO;
				SWIFT_EMIT_LOC_STRINGS = YES;
				SWIFT_VERSION = 5.0;
				TARGETED_DEVICE_FAMILY = "1,2";
			};
			name = Release;
		};
/* End XCBuildConfiguration section */

/* Begin XCConfigurationList section */
		AX000001 /* Build configuration list for PBXProject "Sigil" */ = {
			isa = XCConfigurationList;
			buildConfigurations = (
				AX000010 /* Debug */,
				AX000011 /* Release */,
			);
			defaultConfigurationIsVisible = 0;
			defaultConfigurationName = Release;
		};
		AX000002 /* Build configuration list for PBXNativeTarget "Sigil" */ = {
			isa = XCConfigurationList;
			buildConfigurations = (
				AX000020 /* Debug */,
				AX000021 /* Release */,
			);
			defaultConfigurationIsVisible = 0;
			defaultConfigurationName = Release;
		};
/* End XCConfigurationList section */

/* Begin XCRemoteSwiftPackageReference section */
		AQ000001 /* XCRemoteSwiftPackageReference "SwiftTerm" */ = {
			isa = XCRemoteSwiftPackageReference;
			repositoryURL = "https://github.com/migueldeicaza/SwiftTerm";
			requirement = {
				kind = upToNextMajorVersion;
				minimumVersion = 1.2.0;
			};
		};
/* End XCRemoteSwiftPackageReference section */

/* Begin XCSwiftPackageProductDependency section */
		AC000020 /* SwiftTerm */ = {
			isa = XCSwiftPackageProductDependency;
			package = AQ000001 /* XCRemoteSwiftPackageReference "SwiftTerm" */;
			productName = SwiftTerm;
		};
/* End XCSwiftPackageProductDependency section */

	};
	rootObject = AP000001 /* Project object */;
}
